// !$*UTF8*$!
{
	archiveVersion = 1;
	classes = {
	};
	objectVersion = 50;
	objects = {

/* Begin PBXBuildFile section */
		67B5BC1423FE6F8100DFE24D /* MissionsTableViewController.swift in Sources */ = {isa = PBXBuildFile; fileRef = 67B5BC1323FE6F8100DFE24D /* MissionsTableViewController.swift */; };
		67B5BC1623FE6FD300DFE24D /* Mission.swift in Sources */ = {isa = PBXBuildFile; fileRef = 67B5BC1523FE6FD300DFE24D /* Mission.swift */; };
		67B5BC1823FE75A300DFE24D /* MissionTableViewCell.swift in Sources */ = {isa = PBXBuildFile; fileRef = 67B5BC1723FE75A300DFE24D /* MissionTableViewCell.swift */; };
		67B5BC1A23FE780D00DFE24D /* AchievementsTableViewController.swift in Sources */ = {isa = PBXBuildFile; fileRef = 67B5BC1923FE780D00DFE24D /* AchievementsTableViewController.swift */; };
		67B5BC1C23FE7B4000DFE24D /* AchievementsTableViewCell.swift in Sources */ = {isa = PBXBuildFile; fileRef = 67B5BC1B23FE7B4000DFE24D /* AchievementsTableViewCell.swift */; };
		67B5BC1E23FE7DA200DFE24D /* Achievement.swift in Sources */ = {isa = PBXBuildFile; fileRef = 67B5BC1D23FE7DA200DFE24D /* Achievement.swift */; };
		983E4AE623F6BF7A00C8A855 /* AppDelegate.swift in Sources */ = {isa = PBXBuildFile; fileRef = 983E4AE523F6BF7A00C8A855 /* AppDelegate.swift */; };
		983E4AE823F6BF7A00C8A855 /* art.scnassets in Resources */ = {isa = PBXBuildFile; fileRef = 983E4AE723F6BF7A00C8A855 /* art.scnassets */; };
		983E4AEA23F6BF7A00C8A855 /* ViewController.swift in Sources */ = {isa = PBXBuildFile; fileRef = 983E4AE923F6BF7A00C8A855 /* ViewController.swift */; };
		983E4AED23F6BF7A00C8A855 /* Main.storyboard in Resources */ = {isa = PBXBuildFile; fileRef = 983E4AEB23F6BF7A00C8A855 /* Main.storyboard */; };
		983E4AEF23F6BF7C00C8A855 /* Assets.xcassets in Resources */ = {isa = PBXBuildFile; fileRef = 983E4AEE23F6BF7C00C8A855 /* Assets.xcassets */; };
		983E4AF223F6BF7C00C8A855 /* LaunchScreen.storyboard in Resources */ = {isa = PBXBuildFile; fileRef = 983E4AF023F6BF7C00C8A855 /* LaunchScreen.storyboard */; };
		983E4AFD23F6BF7D00C8A855 /* Treats_DraftTests.swift in Sources */ = {isa = PBXBuildFile; fileRef = 983E4AFC23F6BF7D00C8A855 /* Treats_DraftTests.swift */; };
		983E4B0823F6BF7D00C8A855 /* Treats_DraftUITests.swift in Sources */ = {isa = PBXBuildFile; fileRef = 983E4B0723F6BF7D00C8A855 /* Treats_DraftUITests.swift */; };
/* End PBXBuildFile section */

/* Begin PBXContainerItemProxy section */
		983E4AF923F6BF7D00C8A855 /* PBXContainerItemProxy */ = {
			isa = PBXContainerItemProxy;
			containerPortal = 983E4ADA23F6BF7A00C8A855 /* Project object */;
			proxyType = 1;
			remoteGlobalIDString = 983E4AE123F6BF7A00C8A855;
			remoteInfo = "Treats Draft";
		};
		983E4B0423F6BF7D00C8A855 /* PBXContainerItemProxy */ = {
			isa = PBXContainerItemProxy;
			containerPortal = 983E4ADA23F6BF7A00C8A855 /* Project object */;
			proxyType = 1;
			remoteGlobalIDString = 983E4AE123F6BF7A00C8A855;
			remoteInfo = "Treats Draft";
		};
/* End PBXContainerItemProxy section */

/* Begin PBXFileReference section */
		67B5BC1323FE6F8100DFE24D /* MissionsTableViewController.swift */ = {isa = PBXFileReference; lastKnownFileType = sourcecode.swift; path = MissionsTableViewController.swift; sourceTree = "<group>"; };
		67B5BC1523FE6FD300DFE24D /* Mission.swift */ = {isa = PBXFileReference; lastKnownFileType = sourcecode.swift; path = Mission.swift; sourceTree = "<group>"; };
		67B5BC1723FE75A300DFE24D /* MissionTableViewCell.swift */ = {isa = PBXFileReference; lastKnownFileType = sourcecode.swift; path = MissionTableViewCell.swift; sourceTree = "<group>"; };
		67B5BC1923FE780D00DFE24D /* AchievementsTableViewController.swift */ = {isa = PBXFileReference; lastKnownFileType = sourcecode.swift; path = AchievementsTableViewController.swift; sourceTree = "<group>"; };
		67B5BC1B23FE7B4000DFE24D /* AchievementsTableViewCell.swift */ = {isa = PBXFileReference; lastKnownFileType = sourcecode.swift; path = AchievementsTableViewCell.swift; sourceTree = "<group>"; };
		67B5BC1D23FE7DA200DFE24D /* Achievement.swift */ = {isa = PBXFileReference; lastKnownFileType = sourcecode.swift; path = Achievement.swift; sourceTree = "<group>"; };
		983E4AE223F6BF7A00C8A855 /* Treats Draft.app */ = {isa = PBXFileReference; explicitFileType = wrapper.application; includeInIndex = 0; path = "Treats Draft.app"; sourceTree = BUILT_PRODUCTS_DIR; };
		983E4AE523F6BF7A00C8A855 /* AppDelegate.swift */ = {isa = PBXFileReference; lastKnownFileType = sourcecode.swift; path = AppDelegate.swift; sourceTree = "<group>"; };
		983E4AE723F6BF7A00C8A855 /* art.scnassets */ = {isa = PBXFileReference; lastKnownFileType = wrapper.scnassets; path = art.scnassets; sourceTree = "<group>"; };
		983E4AE923F6BF7A00C8A855 /* ViewController.swift */ = {isa = PBXFileReference; lastKnownFileType = sourcecode.swift; path = ViewController.swift; sourceTree = "<group>"; };
		983E4AEC23F6BF7A00C8A855 /* Base */ = {isa = PBXFileReference; lastKnownFileType = file.storyboard; name = Base; path = Base.lproj/Main.storyboard; sourceTree = "<group>"; };
		983E4AEE23F6BF7C00C8A855 /* Assets.xcassets */ = {isa = PBXFileReference; lastKnownFileType = folder.assetcatalog; path = Assets.xcassets; sourceTree = "<group>"; };
		983E4AF123F6BF7C00C8A855 /* Base */ = {isa = PBXFileReference; lastKnownFileType = file.storyboard; name = Base; path = Base.lproj/LaunchScreen.storyboard; sourceTree = "<group>"; };
		983E4AF323F6BF7C00C8A855 /* Info.plist */ = {isa = PBXFileReference; lastKnownFileType = text.plist.xml; path = Info.plist; sourceTree = "<group>"; };
		983E4AF823F6BF7D00C8A855 /* Treats DraftTests.xctest */ = {isa = PBXFileReference; explicitFileType = wrapper.cfbundle; includeInIndex = 0; path = "Treats DraftTests.xctest"; sourceTree = BUILT_PRODUCTS_DIR; };
		983E4AFC23F6BF7D00C8A855 /* Treats_DraftTests.swift */ = {isa = PBXFileReference; lastKnownFileType = sourcecode.swift; path = Treats_DraftTests.swift; sourceTree = "<group>"; };
		983E4AFE23F6BF7D00C8A855 /* Info.plist */ = {isa = PBXFileReference; lastKnownFileType = text.plist.xml; path = Info.plist; sourceTree = "<group>"; };
		983E4B0323F6BF7D00C8A855 /* Treats DraftUITests.xctest */ = {isa = PBXFileReference; explicitFileType = wrapper.cfbundle; includeInIndex = 0; path = "Treats DraftUITests.xctest"; sourceTree = BUILT_PRODUCTS_DIR; };
		983E4B0723F6BF7D00C8A855 /* Treats_DraftUITests.swift */ = {isa = PBXFileReference; lastKnownFileType = sourcecode.swift; path = Treats_DraftUITests.swift; sourceTree = "<group>"; };
		983E4B0923F6BF7D00C8A855 /* Info.plist */ = {isa = PBXFileReference; lastKnownFileType = text.plist.xml; path = Info.plist; sourceTree = "<group>"; };
/* End PBXFileReference section */

/* Begin PBXFrameworksBuildPhase section */
		983E4ADF23F6BF7A00C8A855 /* Frameworks */ = {
			isa = PBXFrameworksBuildPhase;
			buildActionMask = 2147483647;
			files = (
			);
			runOnlyForDeploymentPostprocessing = 0;
		};
		983E4AF523F6BF7D00C8A855 /* Frameworks */ = {
			isa = PBXFrameworksBuildPhase;
			buildActionMask = 2147483647;
			files = (
			);
			runOnlyForDeploymentPostprocessing = 0;
		};
		983E4B0023F6BF7D00C8A855 /* Frameworks */ = {
			isa = PBXFrameworksBuildPhase;
			buildActionMask = 2147483647;
			files = (
			);
			runOnlyForDeploymentPostprocessing = 0;
		};
/* End PBXFrameworksBuildPhase section */

/* Begin PBXGroup section */
		983E4AD923F6BF7A00C8A855 = {
			isa = PBXGroup;
			children = (
				983E4AE423F6BF7A00C8A855 /* Treats Draft */,
				983E4AFB23F6BF7D00C8A855 /* Treats DraftTests */,
				983E4B0623F6BF7D00C8A855 /* Treats DraftUITests */,
				983E4AE323F6BF7A00C8A855 /* Products */,
			);
			sourceTree = "<group>";
		};
		983E4AE323F6BF7A00C8A855 /* Products */ = {
			isa = PBXGroup;
			children = (
				983E4AE223F6BF7A00C8A855 /* Treats Draft.app */,
				983E4AF823F6BF7D00C8A855 /* Treats DraftTests.xctest */,
				983E4B0323F6BF7D00C8A855 /* Treats DraftUITests.xctest */,
			);
			name = Products;
			sourceTree = "<group>";
		};
		983E4AE423F6BF7A00C8A855 /* Treats Draft */ = {
			isa = PBXGroup;
			children = (
				983E4AE523F6BF7A00C8A855 /* AppDelegate.swift */,
				983E4AE723F6BF7A00C8A855 /* art.scnassets */,
				983E4AE923F6BF7A00C8A855 /* ViewController.swift */,
				983E4AEB23F6BF7A00C8A855 /* Main.storyboard */,
				67B5BC1B23FE7B4000DFE24D /* AchievementsTableViewCell.swift */,
				67B5BC1923FE780D00DFE24D /* AchievementsTableViewController.swift */,
				67B5BC1D23FE7DA200DFE24D /* Achievement.swift */,
				67B5BC1723FE75A300DFE24D /* MissionTableViewCell.swift */,
				67B5BC1523FE6FD300DFE24D /* Mission.swift */,
				67B5BC1323FE6F8100DFE24D /* MissionsTableViewController.swift */,
				983E4AEE23F6BF7C00C8A855 /* Assets.xcassets */,
				983E4AF023F6BF7C00C8A855 /* LaunchScreen.storyboard */,
				983E4AF323F6BF7C00C8A855 /* Info.plist */,
			);
			path = "Treats Draft";
			sourceTree = "<group>";
		};
		983E4AFB23F6BF7D00C8A855 /* Treats DraftTests */ = {
			isa = PBXGroup;
			children = (
				983E4AFC23F6BF7D00C8A855 /* Treats_DraftTests.swift */,
				983E4AFE23F6BF7D00C8A855 /* Info.plist */,
			);
			path = "Treats DraftTests";
			sourceTree = "<group>";
		};
		983E4B0623F6BF7D00C8A855 /* Treats DraftUITests */ = {
			isa = PBXGroup;
			children = (
				983E4B0723F6BF7D00C8A855 /* Treats_DraftUITests.swift */,
				983E4B0923F6BF7D00C8A855 /* Info.plist */,
			);
			path = "Treats DraftUITests";
			sourceTree = "<group>";
		};
/* End PBXGroup section */

/* Begin PBXNativeTarget section */
		983E4AE123F6BF7A00C8A855 /* Treats Draft */ = {
			isa = PBXNativeTarget;
			buildConfigurationList = 983E4B0C23F6BF7D00C8A855 /* Build configuration list for PBXNativeTarget "Treats Draft" */;
			buildPhases = (
				983E4ADE23F6BF7A00C8A855 /* Sources */,
				983E4ADF23F6BF7A00C8A855 /* Frameworks */,
				983E4AE023F6BF7A00C8A855 /* Resources */,
			);
			buildRules = (
			);
			dependencies = (
			);
			name = "Treats Draft";
			productName = "Treats Draft";
			productReference = 983E4AE223F6BF7A00C8A855 /* Treats Draft.app */;
			productType = "com.apple.product-type.application";
		};
		983E4AF723F6BF7D00C8A855 /* Treats DraftTests */ = {
			isa = PBXNativeTarget;
			buildConfigurationList = 983E4B0F23F6BF7D00C8A855 /* Build configuration list for PBXNativeTarget "Treats DraftTests" */;
			buildPhases = (
				983E4AF423F6BF7D00C8A855 /* Sources */,
				983E4AF523F6BF7D00C8A855 /* Frameworks */,
				983E4AF623F6BF7D00C8A855 /* Resources */,
			);
			buildRules = (
			);
			dependencies = (
				983E4AFA23F6BF7D00C8A855 /* PBXTargetDependency */,
			);
			name = "Treats DraftTests";
			productName = "Treats DraftTests";
			productReference = 983E4AF823F6BF7D00C8A855 /* Treats DraftTests.xctest */;
			productType = "com.apple.product-type.bundle.unit-test";
		};
		983E4B0223F6BF7D00C8A855 /* Treats DraftUITests */ = {
			isa = PBXNativeTarget;
			buildConfigurationList = 983E4B1223F6BF7D00C8A855 /* Build configuration list for PBXNativeTarget "Treats DraftUITests" */;
			buildPhases = (
				983E4AFF23F6BF7D00C8A855 /* Sources */,
				983E4B0023F6BF7D00C8A855 /* Frameworks */,
				983E4B0123F6BF7D00C8A855 /* Resources */,
			);
			buildRules = (
			);
			dependencies = (
				983E4B0523F6BF7D00C8A855 /* PBXTargetDependency */,
			);
			name = "Treats DraftUITests";
			productName = "Treats DraftUITests";
			productReference = 983E4B0323F6BF7D00C8A855 /* Treats DraftUITests.xctest */;
			productType = "com.apple.product-type.bundle.ui-testing";
		};
/* End PBXNativeTarget section */

/* Begin PBXProject section */
		983E4ADA23F6BF7A00C8A855 /* Project object */ = {
			isa = PBXProject;
			attributes = {
				LastSwiftUpdateCheck = 1130;
				LastUpgradeCheck = 1130;
				ORGANIZATIONNAME = "Adeena Ansari";
				TargetAttributes = {
					983E4AE123F6BF7A00C8A855 = {
						CreatedOnToolsVersion = 11.3.1;
					};
					983E4AF723F6BF7D00C8A855 = {
						CreatedOnToolsVersion = 11.3.1;
						TestTargetID = 983E4AE123F6BF7A00C8A855;
					};
					983E4B0223F6BF7D00C8A855 = {
						CreatedOnToolsVersion = 11.3.1;
						TestTargetID = 983E4AE123F6BF7A00C8A855;
					};
				};
			};
			buildConfigurationList = 983E4ADD23F6BF7A00C8A855 /* Build configuration list for PBXProject "Treats Draft" */;
			compatibilityVersion = "Xcode 9.3";
			developmentRegion = en;
			hasScannedForEncodings = 0;
			knownRegions = (
				en,
				Base,
			);
			mainGroup = 983E4AD923F6BF7A00C8A855;
			productRefGroup = 983E4AE323F6BF7A00C8A855 /* Products */;
			projectDirPath = "";
			projectRoot = "";
			targets = (
				983E4AE123F6BF7A00C8A855 /* Treats Draft */,
				983E4AF723F6BF7D00C8A855 /* Treats DraftTests */,
				983E4B0223F6BF7D00C8A855 /* Treats DraftUITests */,
			);
		};
/* End PBXProject section */

/* Begin PBXResourcesBuildPhase section */
		983E4AE023F6BF7A00C8A855 /* Resources */ = {
			isa = PBXResourcesBuildPhase;
			buildActionMask = 2147483647;
			files = (
				983E4AE823F6BF7A00C8A855 /* art.scnassets in Resources */,
				983E4AF223F6BF7C00C8A855 /* LaunchScreen.storyboard in Resources */,
				983E4AEF23F6BF7C00C8A855 /* Assets.xcassets in Resources */,
				983E4AED23F6BF7A00C8A855 /* Main.storyboard in Resources */,
			);
			runOnlyForDeploymentPostprocessing = 0;
		};
		983E4AF623F6BF7D00C8A855 /* Resources */ = {
			isa = PBXResourcesBuildPhase;
			buildActionMask = 2147483647;
			files = (
			);
			runOnlyForDeploymentPostprocessing = 0;
		};
		983E4B0123F6BF7D00C8A855 /* Resources */ = {
			isa = PBXResourcesBuildPhase;
			buildActionMask = 2147483647;
			files = (
			);
			runOnlyForDeploymentPostprocessing = 0;
		};
/* End PBXResourcesBuildPhase section */

/* Begin PBXSourcesBuildPhase section */
		983E4ADE23F6BF7A00C8A855 /* Sources */ = {
			isa = PBXSourcesBuildPhase;
			buildActionMask = 2147483647;
			files = (
				67B5BC1823FE75A300DFE24D /* MissionTableViewCell.swift in Sources */,
				67B5BC1A23FE780D00DFE24D /* AchievementsTableViewController.swift in Sources */,
				983E4AEA23F6BF7A00C8A855 /* ViewController.swift in Sources */,
				67B5BC1423FE6F8100DFE24D /* MissionsTableViewController.swift in Sources */,
				67B5BC1623FE6FD300DFE24D /* Mission.swift in Sources */,
				67B5BC1E23FE7DA200DFE24D /* Achievement.swift in Sources */,
				67B5BC1C23FE7B4000DFE24D /* AchievementsTableViewCell.swift in Sources */,
				983E4AE623F6BF7A00C8A855 /* AppDelegate.swift in Sources */,
			);
			runOnlyForDeploymentPostprocessing = 0;
		};
		983E4AF423F6BF7D00C8A855 /* Sources */ = {
			isa = PBXSourcesBuildPhase;
			buildActionMask = 2147483647;
			files = (
				983E4AFD23F6BF7D00C8A855 /* Treats_DraftTests.swift in Sources */,
			);
			runOnlyForDeploymentPostprocessing = 0;
		};
		983E4AFF23F6BF7D00C8A855 /* Sources */ = {
			isa = PBXSourcesBuildPhase;
			buildActionMask = 2147483647;
			files = (
				983E4B0823F6BF7D00C8A855 /* Treats_DraftUITests.swift in Sources */,
			);
			runOnlyForDeploymentPostprocessing = 0;
		};
/* End PBXSourcesBuildPhase section */

/* Begin PBXTargetDependency section */
		983E4AFA23F6BF7D00C8A855 /* PBXTargetDependency */ = {
			isa = PBXTargetDependency;
			target = 983E4AE123F6BF7A00C8A855 /* Treats Draft */;
			targetProxy = 983E4AF923F6BF7D00C8A855 /* PBXContainerItemProxy */;
		};
		983E4B0523F6BF7D00C8A855 /* PBXTargetDependency */ = {
			isa = PBXTargetDependency;
			target = 983E4AE123F6BF7A00C8A855 /* Treats Draft */;
			targetProxy = 983E4B0423F6BF7D00C8A855 /* PBXContainerItemProxy */;
		};
/* End PBXTargetDependency section */

/* Begin PBXVariantGroup section */
		983E4AEB23F6BF7A00C8A855 /* Main.storyboard */ = {
			isa = PBXVariantGroup;
			children = (
				983E4AEC23F6BF7A00C8A855 /* Base */,
			);
			name = Main.storyboard;
			sourceTree = "<group>";
		};
		983E4AF023F6BF7C00C8A855 /* LaunchScreen.storyboard */ = {
			isa = PBXVariantGroup;
			children = (
				983E4AF123F6BF7C00C8A855 /* Base */,
			);
			name = LaunchScreen.storyboard;
			sourceTree = "<group>";
		};
/* End PBXVariantGroup section */

/* Begin XCBuildConfiguration section */
		983E4B0A23F6BF7D00C8A855 /* Debug */ = {
			isa = XCBuildConfiguration;
			buildSettings = {
				ALWAYS_SEARCH_USER_PATHS = NO;
				CLANG_ANALYZER_NONNULL = YES;
				CLANG_ANALYZER_NUMBER_OBJECT_CONVERSION = YES_AGGRESSIVE;
				CLANG_CXX_LANGUAGE_STANDARD = "gnu++14";
				CLANG_CXX_LIBRARY = "libc++";
				CLANG_ENABLE_MODULES = YES;
				CLANG_ENABLE_OBJC_ARC = YES;
				CLANG_ENABLE_OBJC_WEAK = YES;
				CLANG_WARN_BLOCK_CAPTURE_AUTORELEASING = YES;
				CLANG_WARN_BOOL_CONVERSION = YES;
				CLANG_WARN_COMMA = YES;
				CLANG_WARN_CONSTANT_CONVERSION = YES;
				CLANG_WARN_DEPRECATED_OBJC_IMPLEMENTATIONS = YES;
				CLANG_WARN_DIRECT_OBJC_ISA_USAGE = YES_ERROR;
				CLANG_WARN_DOCUMENTATION_COMMENTS = YES;
				CLANG_WARN_EMPTY_BODY = YES;
				CLANG_WARN_ENUM_CONVERSION = YES;
				CLANG_WARN_INFINITE_RECURSION = YES;
				CLANG_WARN_INT_CONVERSION = YES;
				CLANG_WARN_NON_LITERAL_NULL_CONVERSION = YES;
				CLANG_WARN_OBJC_IMPLICIT_RETAIN_SELF = YES;
				CLANG_WARN_OBJC_LITERAL_CONVERSION = YES;
				CLANG_WARN_OBJC_ROOT_CLASS = YES_ERROR;
				CLANG_WARN_RANGE_LOOP_ANALYSIS = YES;
				CLANG_WARN_STRICT_PROTOTYPES = YES;
				CLANG_WARN_SUSPICIOUS_MOVE = YES;
				CLANG_WARN_UNGUARDED_AVAILABILITY = YES_AGGRESSIVE;
				CLANG_WARN_UNREACHABLE_CODE = YES;
				CLANG_WARN__DUPLICATE_METHOD_MATCH = YES;
				COPY_PHASE_STRIP = NO;
				DEBUG_INFORMATION_FORMAT = dwarf;
				ENABLE_STRICT_OBJC_MSGSEND = YES;
				ENABLE_TESTABILITY = YES;
				GCC_C_LANGUAGE_STANDARD = gnu11;
				GCC_DYNAMIC_NO_PIC = NO;
				GCC_NO_COMMON_BLOCKS = YES;
				GCC_OPTIMIZATION_LEVEL = 0;
				GCC_PREPROCESSOR_DEFINITIONS = (
					"DEBUG=1",
					"$(inherited)",
				);
				GCC_WARN_64_TO_32_BIT_CONVERSION = YES;
				GCC_WARN_ABOUT_RETURN_TYPE = YES_ERROR;
				GCC_WARN_UNDECLARED_SELECTOR = YES;
				GCC_WARN_UNINITIALIZED_AUTOS = YES_AGGRESSIVE;
				GCC_WARN_UNUSED_FUNCTION = YES;
				GCC_WARN_UNUSED_VARIABLE = YES;
				IPHONEOS_DEPLOYMENT_TARGET = 13.2;
				MTL_ENABLE_DEBUG_INFO = INCLUDE_SOURCE;
				MTL_FAST_MATH = YES;
				ONLY_ACTIVE_ARCH = YES;
				SDKROOT = iphoneos;
				SWIFT_ACTIVE_COMPILATION_CONDITIONS = DEBUG;
				SWIFT_OPTIMIZATION_LEVEL = "-Onone";
			};
			name = Debug;
		};
		983E4B0B23F6BF7D00C8A855 /* Release */ = {
			isa = XCBuildConfiguration;
			buildSettings = {
				ALWAYS_SEARCH_USER_PATHS = NO;
				CLANG_ANALYZER_NONNULL = YES;
				CLANG_ANALYZER_NUMBER_OBJECT_CONVERSION = YES_AGGRESSIVE;
				CLANG_CXX_LANGUAGE_STANDARD = "gnu++14";
				CLANG_CXX_LIBRARY = "libc++";
				CLANG_ENABLE_MODULES = YES;
				CLANG_ENABLE_OBJC_ARC = YES;
				CLANG_ENABLE_OBJC_WEAK = YES;
				CLANG_WARN_BLOCK_CAPTURE_AUTORELEASING = YES;
				CLANG_WARN_BOOL_CONVERSION = YES;
				CLANG_WARN_COMMA = YES;
				CLANG_WARN_CONSTANT_CONVERSION = YES;
				CLANG_WARN_DEPRECATED_OBJC_IMPLEMENTATIONS = YES;
				CLANG_WARN_DIRECT_OBJC_ISA_USAGE = YES_ERROR;
				CLANG_WARN_DOCUMENTATION_COMMENTS = YES;
				CLANG_WARN_EMPTY_BODY = YES;
				CLANG_WARN_ENUM_CONVERSION = YES;
				CLANG_WARN_INFINITE_RECURSION = YES;
				CLANG_WARN_INT_CONVERSION = YES;
				CLANG_WARN_NON_LITERAL_NULL_CONVERSION = YES;
				CLANG_WARN_OBJC_IMPLICIT_RETAIN_SELF = YES;
				CLANG_WARN_OBJC_LITERAL_CONVERSION = YES;
				CLANG_WARN_OBJC_ROOT_CLASS = YES_ERROR;
				CLANG_WARN_RANGE_LOOP_ANALYSIS = YES;
				CLANG_WARN_STRICT_PROTOTYPES = YES;
				CLANG_WARN_SUSPICIOUS_MOVE = YES;
				CLANG_WARN_UNGUARDED_AVAILABILITY = YES_AGGRESSIVE;
				CLANG_WARN_UNREACHABLE_CODE = YES;
				CLANG_WARN__DUPLICATE_METHOD_MATCH = YES;
				COPY_PHASE_STRIP = NO;
				DEBUG_INFORMATION_FORMAT = "dwarf-with-dsym";
				ENABLE_NS_ASSERTIONS = NO;
				ENABLE_STRICT_OBJC_MSGSEND = YES;
				GCC_C_LANGUAGE_STANDARD = gnu11;
				GCC_NO_COMMON_BLOCKS = YES;
				GCC_WARN_64_TO_32_BIT_CONVERSION = YES;
				GCC_WARN_ABOUT_RETURN_TYPE = YES_ERROR;
				GCC_WARN_UNDECLARED_SELECTOR = YES;
				GCC_WARN_UNINITIALIZED_AUTOS = YES_AGGRESSIVE;
				GCC_WARN_UNUSED_FUNCTION = YES;
				GCC_WARN_UNUSED_VARIABLE = YES;
				IPHONEOS_DEPLOYMENT_TARGET = 13.2;
				MTL_ENABLE_DEBUG_INFO = NO;
				MTL_FAST_MATH = YES;
				SDKROOT = iphoneos;
				SWIFT_COMPILATION_MODE = wholemodule;
				SWIFT_OPTIMIZATION_LEVEL = "-O";
				VALIDATE_PRODUCT = YES;
			};
			name = Release;
		};
		983E4B0D23F6BF7D00C8A855 /* Debug */ = {
			isa = XCBuildConfiguration;
			buildSettings = {
				ASSETCATALOG_COMPILER_APPICON_NAME = AppIcon;
				CODE_SIGN_STYLE = Automatic;
				DEVELOPMENT_TEAM = ZGLKRGW3R5;
				INFOPLIST_FILE = "Treats Draft/Info.plist";
				IPHONEOS_DEPLOYMENT_TARGET = 12.4;
				LD_RUNPATH_SEARCH_PATHS = (
					"$(inherited)",
					"@executable_path/Frameworks",
				);
				PRODUCT_BUNDLE_IDENTIFIER = "com.Treats-Draft";
				PRODUCT_NAME = "$(TARGET_NAME)";
				SWIFT_VERSION = 5.0;
				TARGETED_DEVICE_FAMILY = "1,2";
			};
			name = Debug;
		};
		983E4B0E23F6BF7D00C8A855 /* Release */ = {
			isa = XCBuildConfiguration;
			buildSettings = {
				ASSETCATALOG_COMPILER_APPICON_NAME = AppIcon;
				CODE_SIGN_STYLE = Automatic;
				DEVELOPMENT_TEAM = ZGLKRGW3R5;
				INFOPLIST_FILE = "Treats Draft/Info.plist";
				IPHONEOS_DEPLOYMENT_TARGET = 12.4;
				LD_RUNPATH_SEARCH_PATHS = (
					"$(inherited)",
					"@executable_path/Frameworks",
				);
				PRODUCT_BUNDLE_IDENTIFIER = "com.Treats-Draft";
				PRODUCT_NAME = "$(TARGET_NAME)";
				SWIFT_VERSION = 5.0;
				TARGETED_DEVICE_FAMILY = "1,2";
			};
			name = Release;
		};
		983E4B1023F6BF7D00C8A855 /* Debug */ = {
			isa = XCBuildConfiguration;
			buildSettings = {
				ALWAYS_EMBED_SWIFT_STANDARD_LIBRARIES = YES;
				BUNDLE_LOADER = "$(TEST_HOST)";
				CODE_SIGN_STYLE = Automatic;
				DEVELOPMENT_TEAM = 5T94ZJ9S68;
				INFOPLIST_FILE = "Treats DraftTests/Info.plist";
				IPHONEOS_DEPLOYMENT_TARGET = 13.2;
				LD_RUNPATH_SEARCH_PATHS = (
					"$(inherited)",
					"@executable_path/Frameworks",
					"@loader_path/Frameworks",
				);
				PRODUCT_BUNDLE_IDENTIFIER = "com.Treats-DraftTests";
				PRODUCT_NAME = "$(TARGET_NAME)";
				SWIFT_VERSION = 5.0;
				TARGETED_DEVICE_FAMILY = "1,2";
				TEST_HOST = "$(BUILT_PRODUCTS_DIR)/Treats Draft.app/Treats Draft";
			};
			name = Debug;
		};
		983E4B1123F6BF7D00C8A855 /* Release */ = {
			isa = XCBuildConfiguration;
			buildSettings = {
				ALWAYS_EMBED_SWIFT_STANDARD_LIBRARIES = YES;
				BUNDLE_LOADER = "$(TEST_HOST)";
				CODE_SIGN_STYLE = Automatic;
				DEVELOPMENT_TEAM = 5T94ZJ9S68;
				INFOPLIST_FILE = "Treats DraftTests/Info.plist";
				IPHONEOS_DEPLOYMENT_TARGET = 13.2;
				LD_RUNPATH_SEARCH_PATHS = (
					"$(inherited)",
					"@executable_path/Frameworks",
					"@loader_path/Frameworks",
				);
				PRODUCT_BUNDLE_IDENTIFIER = "com.Treats-DraftTests";
				PRODUCT_NAME = "$(TARGET_NAME)";
				SWIFT_VERSION = 5.0;
				TARGETED_DEVICE_FAMILY = "1,2";
				TEST_HOST = "$(BUILT_PRODUCTS_DIR)/Treats Draft.app/Treats Draft";
			};
			name = Release;
		};
		983E4B1323F6BF7D00C8A855 /* Debug */ = {
			isa = XCBuildConfiguration;
			buildSettings = {
				ALWAYS_EMBED_SWIFT_STANDARD_LIBRARIES = YES;
				CODE_SIGN_STYLE = Automatic;
				DEVELOPMENT_TEAM = 5T94ZJ9S68;
				INFOPLIST_FILE = "Treats DraftUITests/Info.plist";
				LD_RUNPATH_SEARCH_PATHS = (
					"$(inherited)",
					"@executable_path/Frameworks",
					"@loader_path/Frameworks",
				);
				PRODUCT_BUNDLE_IDENTIFIER = "com.Treats-DraftUITests";
				PRODUCT_NAME = "$(TARGET_NAME)";
				SWIFT_VERSION = 5.0;
				TARGETED_DEVICE_FAMILY = "1,2";
				TEST_TARGET_NAME = "Treats Draft";
			};
			name = Debug;
		};
		983E4B1423F6BF7D00C8A855 /* Release */ = {
			isa = XCBuildConfiguration;
			buildSettings = {
				ALWAYS_EMBED_SWIFT_STANDARD_LIBRARIES = YES;
				CODE_SIGN_STYLE = Automatic;
				DEVELOPMENT_TEAM = 5T94ZJ9S68;
				INFOPLIST_FILE = "Treats DraftUITests/Info.plist";
				LD_RUNPATH_SEARCH_PATHS = (
					"$(inherited)",
					"@executable_path/Frameworks",
					"@loader_path/Frameworks",
				);
				PRODUCT_BUNDLE_IDENTIFIER = "com.Treats-DraftUITests";
				PRODUCT_NAME = "$(TARGET_NAME)";
				SWIFT_VERSION = 5.0;
				TARGETED_DEVICE_FAMILY = "1,2";
				TEST_TARGET_NAME = "Treats Draft";
			};
			name = Release;
		};
/* End XCBuildConfiguration section */

/* Begin XCConfigurationList section */
		983E4ADD23F6BF7A00C8A855 /* Build configuration list for PBXProject "Treats Draft" */ = {
			isa = XCConfigurationList;
			buildConfigurations = (
				983E4B0A23F6BF7D00C8A855 /* Debug */,
				983E4B0B23F6BF7D00C8A855 /* Release */,
			);
			defaultConfigurationIsVisible = 0;
			defaultConfigurationName = Release;
		};
		983E4B0C23F6BF7D00C8A855 /* Build configuration list for PBXNativeTarget "Treats Draft" */ = {
			isa = XCConfigurationList;
			buildConfigurations = (
				983E4B0D23F6BF7D00C8A855 /* Debug */,
				983E4B0E23F6BF7D00C8A855 /* Release */,
			);
			defaultConfigurationIsVisible = 0;
			defaultConfigurationName = Release;
		};
		983E4B0F23F6BF7D00C8A855 /* Build configuration list for PBXNativeTarget "Treats DraftTests" */ = {
			isa = XCConfigurationList;
			buildConfigurations = (
				983E4B1023F6BF7D00C8A855 /* Debug */,
				983E4B1123F6BF7D00C8A855 /* Release */,
			);
			defaultConfigurationIsVisible = 0;
			defaultConfigurationName = Release;
		};
		983E4B1223F6BF7D00C8A855 /* Build configuration list for PBXNativeTarget "Treats DraftUITests" */ = {
			isa = XCConfigurationList;
			buildConfigurations = (
				983E4B1323F6BF7D00C8A855 /* Debug */,
				983E4B1423F6BF7D00C8A855 /* Release */,
			);
			defaultConfigurationIsVisible = 0;
			defaultConfigurationName = Release;
		};
/* End XCConfigurationList section */
	};
	rootObject = 983E4ADA23F6BF7A00C8A855 /* Project object */;
}
